// !$*UTF8*$!
{
	archiveVersion = 1;
	classes = {
	};
	objectVersion = 55;
	objects = {

/* Begin PBXBuildFile section */
		0517F67027BF6AB5000E7EC8 /* CharacterTableViewController.swift in Sources */ = {isa = PBXBuildFile; fileRef = 0517F66F27BF6AB5000E7EC8 /* CharacterTableViewController.swift */; };
		057BB80827BEC3E200276020 /* AppDelegate.swift in Sources */ = {isa = PBXBuildFile; fileRef = 057BB80727BEC3E200276020 /* AppDelegate.swift */; };
		057BB80A27BEC3E200276020 /* SceneDelegate.swift in Sources */ = {isa = PBXBuildFile; fileRef = 057BB80927BEC3E200276020 /* SceneDelegate.swift */; };
		057BB80C27BEC3E200276020 /* CharacterDetailsViewController.swift in Sources */ = {isa = PBXBuildFile; fileRef = 057BB80B27BEC3E200276020 /* CharacterDetailsViewController.swift */; };
		057BB80F27BEC3E200276020 /* Main.storyboard in Resources */ = {isa = PBXBuildFile; fileRef = 057BB80D27BEC3E200276020 /* Main.storyboard */; };
		057BB81127BEC3E500276020 /* Assets.xcassets in Resources */ = {isa = PBXBuildFile; fileRef = 057BB81027BEC3E500276020 /* Assets.xcassets */; };
		057BB81427BEC3E500276020 /* LaunchScreen.storyboard in Resources */ = {isa = PBXBuildFile; fileRef = 057BB81227BEC3E500276020 /* LaunchScreen.storyboard */; };
		057BB81C27BEC42300276020 /* RickAndMorty.swift in Sources */ = {isa = PBXBuildFile; fileRef = 057BB81B27BEC42300276020 /* RickAndMorty.swift */; };
		057BB82227BEC52F00276020 /* NetworkManager.swift in Sources */ = {isa = PBXBuildFile; fileRef = 057BB82127BEC52F00276020 /* NetworkManager.swift */; };
		057BB82627BEDA0A00276020 /* TableViewCell.swift in Sources */ = {isa = PBXBuildFile; fileRef = 057BB82527BEDA0A00276020 /* TableViewCell.swift */; };
		057BB82927BEDAFB00276020 /* EpisodesViewController.swift in Sources */ = {isa = PBXBuildFile; fileRef = 057BB82827BEDAFB00276020 /* EpisodesViewController.swift */; };
		057BB82D27BEDBB200276020 /* EpisodeDetailsViewController.swift in Sources */ = {isa = PBXBuildFile; fileRef = 057BB82C27BEDBB200276020 /* EpisodeDetailsViewController.swift */; };
/* End PBXBuildFile section */

/* Begin PBXFileReference section */
		0517F66F27BF6AB5000E7EC8 /* CharacterTableViewController.swift */ = {isa = PBXFileReference; lastKnownFileType = sourcecode.swift; path = CharacterTableViewController.swift; sourceTree = "<group>"; };
		057BB80427BEC3E200276020 /* RickAndMortyInfo.app */ = {isa = PBXFileReference; explicitFileType = wrapper.application; includeInIndex = 0; path = RickAndMortyInfo.app; sourceTree = BUILT_PRODUCTS_DIR; };
		057BB80727BEC3E200276020 /* AppDelegate.swift */ = {isa = PBXFileReference; lastKnownFileType = sourcecode.swift; path = AppDelegate.swift; sourceTree = "<group>"; };
		057BB80927BEC3E200276020 /* SceneDelegate.swift */ = {isa = PBXFileReference; lastKnownFileType = sourcecode.swift; path = SceneDelegate.swift; sourceTree = "<group>"; };
		057BB80B27BEC3E200276020 /* CharacterDetailsViewController.swift */ = {isa = PBXFileReference; lastKnownFileType = sourcecode.swift; path = CharacterDetailsViewController.swift; sourceTree = "<group>"; };
		057BB80E27BEC3E200276020 /* Base */ = {isa = PBXFileReference; lastKnownFileType = file.storyboard; name = Base; path = Base.lproj/Main.storyboard; sourceTree = "<group>"; };
		057BB81027BEC3E500276020 /* Assets.xcassets */ = {isa = PBXFileReference; lastKnownFileType = folder.assetcatalog; path = Assets.xcassets; sourceTree = "<group>"; };
		057BB81327BEC3E500276020 /* Base */ = {isa = PBXFileReference; lastKnownFileType = file.storyboard; name = Base; path = Base.lproj/LaunchScreen.storyboard; sourceTree = "<group>"; };
		057BB81527BEC3E500276020 /* Info.plist */ = {isa = PBXFileReference; lastKnownFileType = text.plist.xml; path = Info.plist; sourceTree = "<group>"; };
		057BB81B27BEC42300276020 /* RickAndMorty.swift */ = {isa = PBXFileReference; lastKnownFileType = sourcecode.swift; path = RickAndMorty.swift; sourceTree = "<group>"; };
		057BB82127BEC52F00276020 /* NetworkManager.swift */ = {isa = PBXFileReference; lastKnownFileType = sourcecode.swift; path = NetworkManager.swift; sourceTree = "<group>"; };
		057BB82527BEDA0A00276020 /* TableViewCell.swift */ = {isa = PBXFileReference; lastKnownFileType = sourcecode.swift; path = TableViewCell.swift; sourceTree = "<group>"; };
		057BB82827BEDAFB00276020 /* EpisodesViewController.swift */ = {isa = PBXFileReference; lastKnownFileType = sourcecode.swift; path = EpisodesViewController.swift; sourceTree = "<group>"; };
		057BB82C27BEDBB200276020 /* EpisodeDetailsViewController.swift */ = {isa = PBXFileReference; lastKnownFileType = sourcecode.swift; path = EpisodeDetailsViewController.swift; sourceTree = "<group>"; };
/* End PBXFileReference section */

/* Begin PBXFrameworksBuildPhase section */
		057BB80127BEC3E200276020 /* Frameworks */ = {
			isa = PBXFrameworksBuildPhase;
			buildActionMask = 2147483647;
			files = (
			);
			runOnlyForDeploymentPostprocessing = 0;
		};
/* End PBXFrameworksBuildPhase section */

/* Begin PBXGroup section */
		057BB7FB27BEC3E200276020 = {
			isa = PBXGroup;
			children = (
				057BB80627BEC3E200276020 /* RickAndMortyInfo */,
				057BB80527BEC3E200276020 /* Products */,
			);
			sourceTree = "<group>";
		};
		057BB80527BEC3E200276020 /* Products */ = {
			isa = PBXGroup;
			children = (
				057BB80427BEC3E200276020 /* RickAndMortyInfo.app */,
			);
			name = Products;
			sourceTree = "<group>";
		};
		057BB80627BEC3E200276020 /* RickAndMortyInfo */ = {
			isa = PBXGroup;
			children = (
				057BB81F27BEC4CF00276020 /* Models */,
				057BB82427BEC55200276020 /* ViewControllers */,
				057BB82727BEDA2100276020 /* Views */,
				057BB82327BEC54800276020 /* Services */,
				057BB81E27BEC46200276020 /* Storyboards */,
				057BB82027BEC4E900276020 /* Sourse */,
				057BB81D27BEC44A00276020 /* SupportingFiles */,
			);
			path = RickAndMortyInfo;
			sourceTree = "<group>";
		};
		057BB81D27BEC44A00276020 /* SupportingFiles */ = {
			isa = PBXGroup;
			children = (
				057BB80727BEC3E200276020 /* AppDelegate.swift */,
				057BB80927BEC3E200276020 /* SceneDelegate.swift */,
				057BB81527BEC3E500276020 /* Info.plist */,
			);
			path = SupportingFiles;
			sourceTree = "<group>";
		};
		057BB81E27BEC46200276020 /* Storyboards */ = {
			isa = PBXGroup;
			children = (
				057BB80D27BEC3E200276020 /* Main.storyboard */,
				057BB81227BEC3E500276020 /* LaunchScreen.storyboard */,
			);
			path = Storyboards;
			sourceTree = "<group>";
		};
		057BB81F27BEC4CF00276020 /* Models */ = {
			isa = PBXGroup;
			children = (
				057BB81B27BEC42300276020 /* RickAndMorty.swift */,
			);
			path = Models;
			sourceTree = "<group>";
		};
		057BB82027BEC4E900276020 /* Sourse */ = {
			isa = PBXGroup;
			children = (
				057BB81027BEC3E500276020 /* Assets.xcassets */,
			);
			path = Sourse;
			sourceTree = "<group>";
		};
		057BB82327BEC54800276020 /* Services */ = {
			isa = PBXGroup;
			children = (
				057BB82127BEC52F00276020 /* NetworkManager.swift */,
			);
			path = Services;
			sourceTree = "<group>";
		};
		057BB82427BEC55200276020 /* ViewControllers */ = {
			isa = PBXGroup;
			children = (
				0517F66F27BF6AB5000E7EC8 /* CharacterTableViewController.swift */,
				057BB80B27BEC3E200276020 /* CharacterDetailsViewController.swift */,
				057BB82827BEDAFB00276020 /* EpisodesViewController.swift */,
				057BB82C27BEDBB200276020 /* EpisodeDetailsViewController.swift */,
			);
			path = ViewControllers;
			sourceTree = "<group>";
		};
		057BB82727BEDA2100276020 /* Views */ = {
			isa = PBXGroup;
			children = (
				057BB82527BEDA0A00276020 /* TableViewCell.swift */,
			);
			path = Views;
			sourceTree = "<group>";
		};
/* End PBXGroup section */

/* Begin PBXNativeTarget section */
		057BB80327BEC3E200276020 /* RickAndMortyInfo */ = {
			isa = PBXNativeTarget;
			buildConfigurationList = 057BB81827BEC3E500276020 /* Build configuration list for PBXNativeTarget "RickAndMortyInfo" */;
			buildPhases = (
				057BB80027BEC3E200276020 /* Sources */,
				057BB80127BEC3E200276020 /* Frameworks */,
				057BB80227BEC3E200276020 /* Resources */,
			);
			buildRules = (
			);
			dependencies = (
			);
			name = RickAndMortyInfo;
			productName = RickAndMortyInfo;
			productReference = 057BB80427BEC3E200276020 /* RickAndMortyInfo.app */;
			productType = "com.apple.product-type.application";
		};
/* End PBXNativeTarget section */

/* Begin PBXProject section */
		057BB7FC27BEC3E200276020 /* Project object */ = {
			isa = PBXProject;
			attributes = {
				BuildIndependentTargetsInParallel = 1;
				LastSwiftUpdateCheck = 1320;
				LastUpgradeCheck = 1320;
				TargetAttributes = {
					057BB80327BEC3E200276020 = {
						CreatedOnToolsVersion = 13.2.1;
					};
				};
			};
			buildConfigurationList = 057BB7FF27BEC3E200276020 /* Build configuration list for PBXProject "RickAndMortyInfo" */;
			compatibilityVersion = "Xcode 13.0";
			developmentRegion = en;
			hasScannedForEncodings = 0;
			knownRegions = (
				en,
				Base,
			);
			mainGroup = 057BB7FB27BEC3E200276020;
			productRefGroup = 057BB80527BEC3E200276020 /* Products */;
			projectDirPath = "";
			projectRoot = "";
			targets = (
				057BB80327BEC3E200276020 /* RickAndMortyInfo */,
			);
		};
/* End PBXProject section */

/* Begin PBXResourcesBuildPhase section */
		057BB80227BEC3E200276020 /* Resources */ = {
			isa = PBXResourcesBuildPhase;
			buildActionMask = 2147483647;
			files = (
				057BB81427BEC3E500276020 /* LaunchScreen.storyboard in Resources */,
				057BB81127BEC3E500276020 /* Assets.xcassets in Resources */,
				057BB80F27BEC3E200276020 /* Main.storyboard in Resources */,
			);
			runOnlyForDeploymentPostprocessing = 0;
		};
/* End PBXResourcesBuildPhase section */

/* Begin PBXSourcesBuildPhase section */
		057BB80027BEC3E200276020 /* Sources */ = {
			isa = PBXSourcesBuildPhase;
			buildActionMask = 2147483647;
			files = (
				057BB81C27BEC42300276020 /* RickAndMorty.swift in Sources */,
				0517F67027BF6AB5000E7EC8 /* CharacterTableViewController.swift in Sources */,
				057BB80C27BEC3E200276020 /* CharacterDetailsViewController.swift in Sources */,
				057BB82927BEDAFB00276020 /* EpisodesViewController.swift in Sources */,
				057BB82227BEC52F00276020 /* NetworkManager.swift in Sources */,
				057BB82627BEDA0A00276020 /* TableViewCell.swift in Sources */,
				057BB82D27BEDBB200276020 /* EpisodeDetailsViewController.swift in Sources */,
				057BB80827BEC3E200276020 /* AppDelegate.swift in Sources */,
				057BB80A27BEC3E200276020 /* SceneDelegate.swift in Sources */,
			);
			runOnlyForDeploymentPostprocessing = 0;
		};
/* End PBXSourcesBuildPhase section */

/* Begin PBXVariantGroup section */
		057BB80D27BEC3E200276020 /* Main.storyboard */ = {
			isa = PBXVariantGroup;
			children = (
				057BB80E27BEC3E200276020 /* Base */,
			);
			name = Main.storyboard;
			sourceTree = "<group>";
		};
		057BB81227BEC3E500276020 /* LaunchScreen.storyboard */ = {
			isa = PBXVariantGroup;
			children = (
				057BB81327BEC3E500276020 /* Base */,
			);
			name = LaunchScreen.storyboard;
			sourceTree = "<group>";
		};
/* End PBXVariantGroup section */

/* Begin XCBuildConfiguration section */
		057BB81627BEC3E500276020 /* Debug */ = {
			isa = XCBuildConfiguration;
			buildSettings = {
				ALWAYS_SEARCH_USER_PATHS = NO;
				CLANG_ANALYZER_NONNULL = YES;
				CLANG_ANALYZER_NUMBER_OBJECT_CONVERSION = YES_AGGRESSIVE;
				CLANG_CXX_LANGUAGE_STANDARD = "gnu++17";
				CLANG_CXX_LIBRARY = "libc++";
				CLANG_ENABLE_MODULES = YES;
				CLANG_ENABLE_OBJC_ARC = YES;
				CLANG_ENABLE_OBJC_WEAK = YES;
				CLANG_WARN_BLOCK_CAPTURE_AUTORELEASING = YES;
				CLANG_WARN_BOOL_CONVERSION = YES;
				CLANG_WARN_COMMA = YES;
				CLANG_WARN_CONSTANT_CONVERSION = YES;
				CLANG_WARN_DEPRECATED_OBJC_IMPLEMENTATIONS = YES;
				CLANG_WARN_DIRECT_OBJC_ISA_USAGE = YES_ERROR;
				CLANG_WARN_DOCUMENTATION_COMMENTS = YES;
				CLANG_WARN_EMPTY_BODY = YES;
				CLANG_WARN_ENUM_CONVERSION = YES;
				CLANG_WARN_INFINITE_RECURSION = YES;
				CLANG_WARN_INT_CONVERSION = YES;
				CLANG_WARN_NON_LITERAL_NULL_CONVERSION = YES;
				CLANG_WARN_OBJC_IMPLICIT_RETAIN_SELF = YES;
				CLANG_WARN_OBJC_LITERAL_CONVERSION = YES;
				CLANG_WARN_OBJC_ROOT_CLASS = YES_ERROR;
				CLANG_WARN_QUOTED_INCLUDE_IN_FRAMEWORK_HEADER = YES;
				CLANG_WARN_RANGE_LOOP_ANALYSIS = YES;
				CLANG_WARN_STRICT_PROTOTYPES = YES;
				CLANG_WARN_SUSPICIOUS_MOVE = YES;
				CLANG_WARN_UNGUARDED_AVAILABILITY = YES_AGGRESSIVE;
				CLANG_WARN_UNREACHABLE_CODE = YES;
				CLANG_WARN__DUPLICATE_METHOD_MATCH = YES;
				COPY_PHASE_STRIP = NO;
				DEBUG_INFORMATION_FORMAT = dwarf;
				ENABLE_STRICT_OBJC_MSGSEND = YES;
				ENABLE_TESTABILITY = YES;
				GCC_C_LANGUAGE_STANDARD = gnu11;
				GCC_DYNAMIC_NO_PIC = NO;
				GCC_NO_COMMON_BLOCKS = YES;
				GCC_OPTIMIZATION_LEVEL = 0;
				GCC_PREPROCESSOR_DEFINITIONS = (
					"DEBUG=1",
					"$(inherited)",
				);
				GCC_WARN_64_TO_32_BIT_CONVERSION = YES;
				GCC_WARN_ABOUT_RETURN_TYPE = YES_ERROR;
				GCC_WARN_UNDECLARED_SELECTOR = YES;
				GCC_WARN_UNINITIALIZED_AUTOS = YES_AGGRESSIVE;
				GCC_WARN_UNUSED_FUNCTION = YES;
				GCC_WARN_UNUSED_VARIABLE = YES;
				IPHONEOS_DEPLOYMENT_TARGET = 15.2;
				MTL_ENABLE_DEBUG_INFO = INCLUDE_SOURCE;
				MTL_FAST_MATH = YES;
				ONLY_ACTIVE_ARCH = YES;
				SDKROOT = iphoneos;
				SWIFT_ACTIVE_COMPILATION_CONDITIONS = DEBUG;
				SWIFT_OPTIMIZATION_LEVEL = "-Onone";
			};
			name = Debug;
		};
		057BB81727BEC3E500276020 /* Release */ = {
			isa = XCBuildConfiguration;
			buildSettings = {
				ALWAYS_SEARCH_USER_PATHS = NO;
				CLANG_ANALYZER_NONNULL = YES;
				CLANG_ANALYZER_NUMBER_OBJECT_CONVERSION = YES_AGGRESSIVE;
				CLANG_CXX_LANGUAGE_STANDARD = "gnu++17";
				CLANG_CXX_LIBRARY = "libc++";
				CLANG_ENABLE_MODULES = YES;
				CLANG_ENABLE_OBJC_ARC = YES;
				CLANG_ENABLE_OBJC_WEAK = YES;
				CLANG_WARN_BLOCK_CAPTURE_AUTORELEASING = YES;
				CLANG_WARN_BOOL_CONVERSION = YES;
				CLANG_WARN_COMMA = YES;
				CLANG_WARN_CONSTANT_CONVERSION = YES;
				CLANG_WARN_DEPRECATED_OBJC_IMPLEMENTATIONS = YES;
				CLANG_WARN_DIRECT_OBJC_ISA_USAGE = YES_ERROR;
				CLANG_WARN_DOCUMENTATION_COMMENTS = YES;
				CLANG_WARN_EMPTY_BODY = YES;
				CLANG_WARN_ENUM_CONVERSION = YES;
				CLANG_WARN_INFINITE_RECURSION = YES;
				CLANG_WARN_INT_CONVERSION = YES;
				CLANG_WARN_NON_LITERAL_NULL_CONVERSION = YES;
				CLANG_WARN_OBJC_IMPLICIT_RETAIN_SELF = YES;
				CLANG_WARN_OBJC_LITERAL_CONVERSION = YES;
				CLANG_WARN_OBJC_ROOT_CLASS = YES_ERROR;
				CLANG_WARN_QUOTED_INCLUDE_IN_FRAMEWORK_HEADER = YES;
				CLANG_WARN_RANGE_LOOP_ANALYSIS = YES;
				CLANG_WARN_STRICT_PROTOTYPES = YES;
				CLANG_WARN_SUSPICIOUS_MOVE = YES;
				CLANG_WARN_UNGUARDED_AVAILABILITY = YES_AGGRESSIVE;
				CLANG_WARN_UNREACHABLE_CODE = YES;
				CLANG_WARN__DUPLICATE_METHOD_MATCH = YES;
				COPY_PHASE_STRIP = NO;
				DEBUG_INFORMATION_FORMAT = "dwarf-with-dsym";
				ENABLE_NS_ASSERTIONS = NO;
				ENABLE_STRICT_OBJC_MSGSEND = YES;
				GCC_C_LANGUAGE_STANDARD = gnu11;
				GCC_NO_COMMON_BLOCKS = YES;
				GCC_WARN_64_TO_32_BIT_CONVERSION = YES;
				GCC_WARN_ABOUT_RETURN_TYPE = YES_ERROR;
				GCC_WARN_UNDECLARED_SELECTOR = YES;
				GCC_WARN_UNINITIALIZED_AUTOS = YES_AGGRESSIVE;
				GCC_WARN_UNUSED_FUNCTION = YES;
				GCC_WARN_UNUSED_VARIABLE = YES;
				IPHONEOS_DEPLOYMENT_TARGET = 15.2;
				MTL_ENABLE_DEBUG_INFO = NO;
				MTL_FAST_MATH = YES;
				SDKROOT = iphoneos;
				SWIFT_COMPILATION_MODE = wholemodule;
				SWIFT_OPTIMIZATION_LEVEL = "-O";
				VALIDATE_PRODUCT = YES;
			};
			name = Release;
		};
		057BB81927BEC3E500276020 /* Debug */ = {
			isa = XCBuildConfiguration;
			buildSettings = {
				ASSETCATALOG_COMPILER_APPICON_NAME = AppIcon;
				ASSETCATALOG_COMPILER_GLOBAL_ACCENT_COLOR_NAME = AccentColor;
				CODE_SIGN_STYLE = Automatic;
				CURRENT_PROJECT_VERSION = 1;
				DEVELOPMENT_TEAM = 9VH5WM27N5;
				GENERATE_INFOPLIST_FILE = YES;
				INFOPLIST_FILE = RickAndMortyInfo/SupportingFiles/Info.plist;
				INFOPLIST_KEY_UIApplicationSupportsIndirectInputEvents = YES;
				INFOPLIST_KEY_UILaunchStoryboardName = LaunchScreen;
				INFOPLIST_KEY_UIMainStoryboardFile = Main;
				INFOPLIST_KEY_UISupportedInterfaceOrientations = UIInterfaceOrientationPortrait;
				INFOPLIST_KEY_UISupportedInterfaceOrientations_iPad = "UIInterfaceOrientationPortrait UIInterfaceOrientationPortraitUpsideDown UIInterfaceOrientationLandscapeLeft UIInterfaceOrientationLandscapeRight";
				INFOPLIST_KEY_UISupportedInterfaceOrientations_iPhone = "UIInterfaceOrientationPortrait UIInterfaceOrientationLandscapeLeft UIInterfaceOrientationLandscapeRight";
				LD_RUNPATH_SEARCH_PATHS = (
					"$(inherited)",
					"@executable_path/Frameworks",
				);
				MARKETING_VERSION = 1.0;
				PRODUCT_BUNDLE_IDENTIFIER = VlaHa.RickAndMortyInfo;
				PRODUCT_NAME = "$(TARGET_NAME)";
				SWIFT_EMIT_LOC_STRINGS = YES;
				SWIFT_VERSION = 5.0;
				TARGETED_DEVICE_FAMILY = 1;
			};
			name = Debug;
		};
		057BB81A27BEC3E500276020 /* Release */ = {
			isa = XCBuildConfiguration;
			buildSettings = {
				ASSETCATALOG_COMPILER_APPICON_NAME = AppIcon;
				ASSETCATALOG_COMPILER_GLOBAL_ACCENT_COLOR_NAME = AccentColor;
				CODE_SIGN_STYLE = Automatic;
				CURRENT_PROJECT_VERSION = 1;
				DEVELOPMENT_TEAM = 9VH5WM27N5;
				GENERATE_INFOPLIST_FILE = YES;
				INFOPLIST_FILE = RickAndMortyInfo/SupportingFiles/Info.plist;
				INFOPLIST_KEY_UIApplicationSupportsIndirectInputEvents = YES;
				INFOPLIST_KEY_UILaunchStoryboardName = LaunchScreen;
				INFOPLIST_KEY_UIMainStoryboardFile = Main;
				INFOPLIST_KEY_UISupportedInterfaceOrientations = UIInterfaceOrientationPortrait;
				INFOPLIST_KEY_UISupportedInterfaceOrientations_iPad = "UIInterfaceOrientationPortrait UIInterfaceOrientationPortraitUpsideDown UIInterfaceOrientationLandscapeLeft UIInterfaceOrientationLandscapeRight";
				INFOPLIST_KEY_UISupportedInterfaceOrientations_iPhone = "UIInterfaceOrientationPortrait UIInterfaceOrientationLandscapeLeft UIInterfaceOrientationLandscapeRight";
				LD_RUNPATH_SEARCH_PATHS = (
					"$(inherited)",
					"@executable_path/Frameworks",
				);
				MARKETING_VERSION = 1.0;
				PRODUCT_BUNDLE_IDENTIFIER = VlaHa.RickAndMortyInfo;
				PRODUCT_NAME = "$(TARGET_NAME)";
				SWIFT_EMIT_LOC_STRINGS = YES;
				SWIFT_VERSION = 5.0;
				TARGETED_DEVICE_FAMILY = 1;
			};
			name = Release;
		};
/* End XCBuildConfiguration section */

/* Begin XCConfigurationList section */
		057BB7FF27BEC3E200276020 /* Build configuration list for PBXProject "RickAndMortyInfo" */ = {
			isa = XCConfigurationList;
			buildConfigurations = (
				057BB81627BEC3E500276020 /* Debug */,
				057BB81727BEC3E500276020 /* Release */,
			);
			defaultConfigurationIsVisible = 0;
			defaultConfigurationName = Release;
		};
		057BB81827BEC3E500276020 /* Build configuration list for PBXNativeTarget "RickAndMortyInfo" */ = {
			isa = XCConfigurationList;
			buildConfigurations = (
				057BB81927BEC3E500276020 /* Debug */,
				057BB81A27BEC3E500276020 /* Release */,
			);
			defaultConfigurationIsVisible = 0;
			defaultConfigurationName = Release;
		};
/* End XCConfigurationList section */
	};
	rootObject = 057BB7FC27BEC3E200276020 /* Project object */;
}
